# THIS IS AN AUTOGENERATED FILE. DO NOT EDIT THIS FILE DIRECTLY.
# yarn lockfile v1


"@orca-so/tx-sender@1.0.2":
  version "1.0.2"
  resolved "https://registry.yarnpkg.com/@orca-so/tx-sender/-/tx-sender-1.0.2.tgz#9cc50f8046c9e4296e3a942ff600edd0434d6d11"
  integrity sha512-6PlGx4wwF9Q/XxfND43TtZsjiCJs6Ho5yIYBAkiXXaBOcIfqNTqKRhzhX598xv19TJl4DaldWhgx36m+nqmN8Q==
  dependencies:
    "@solana-program/address-lookup-table" "^0.7.0"
    "@solana-program/compute-budget" "^0.7.0"
    "@solana-program/system" "^0.7.0"

"@orca-so/whirlpools-client@3.0.0", "@orca-so/whirlpools-client@^3.0.0":
  version "3.0.0"
  resolved "https://registry.yarnpkg.com/@orca-so/whirlpools-client/-/whirlpools-client-3.0.0.tgz#b2d4916aead9926fb37375e1772ba2c42af38ebf"
  integrity sha512-3M0Y9nBuLeFdXMYK1sRp/cn+m9G+SI76yrpov+EAxKcJoCb0Fq9cpdrYtpFejoWapNTycsxG9mYbpvtQLesrNw==

"@orca-so/whirlpools-core@2.0.0":
  version "2.0.0"
  resolved "https://registry.yarnpkg.com/@orca-so/whirlpools-core/-/whirlpools-core-2.0.0.tgz#96208688108934308999a19a207351dcad73475e"
  integrity sha512-SzX9Jd9QDRk6UvUdM114Onq4woFVTl3rrx2Iu0IsnwBbA4lzFLPRYDxdsoyyRHceOgIrbhgpRU3IZc9jCRS8eg==

"@orca-so/whirlpools@^3.0.0":
  version "3.0.0"
  resolved "https://registry.yarnpkg.com/@orca-so/whirlpools/-/whirlpools-3.0.0.tgz#aff7cefbee9393c2e82b8bdf75872e18b34a5eb1"
  integrity sha512-yitFJR1JVXOtIiPu3pWWC7VTMtYFIIm/FelGUwt+mDCIC3t2ehW41sClfaHaD8Tb2LajBriCm1F1zJYGNkrv4g==
  dependencies:
    "@orca-so/tx-sender" "1.0.2"
    "@orca-so/whirlpools-client" "3.0.0"
    "@orca-so/whirlpools-core" "2.0.0"
    "@solana-program/memo" "^0.7.0"
    "@solana-program/system" "^0.7.0"
    "@solana-program/token" "^0.5.1"
    "@solana-program/token-2022" "^0.4.2"
    "@solana/sysvars" "^2.1.0"

"@solana-program/address-lookup-table@^0.7.0":
  version "0.7.0"
  resolved "https://registry.yarnpkg.com/@solana-program/address-lookup-table/-/address-lookup-table-0.7.0.tgz#6651657308547fefb59ce2e20b1871270e93d48d"
  integrity sha512-dzCeIO5LtiK3bIg0AwO+TPeGURjSG2BKt0c4FRx7105AgLy7uzTktpUzUj6NXAK9SzbirI8HyvHUvw1uvL8O9A==

"@solana-program/compute-budget@^0.7.0":
  version "0.7.0"
  resolved "https://registry.yarnpkg.com/@solana-program/compute-budget/-/compute-budget-0.7.0.tgz#a9e30b2bb4f9d11b8b8eef926b1ce258c6382431"
  integrity sha512-/JJSE1fKO5zx7Z55Z2tLGWBDDi7tUE+xMlK8qqkHlY51KpqksMsIBzQMkG9Dqhoe2Cnn5/t3QK1nJKqW6eHzpg==

"@solana-program/memo@^0.7.0":
  version "0.7.0"
  resolved "https://registry.yarnpkg.com/@solana-program/memo/-/memo-0.7.0.tgz#7f38df2b3e5ed7e771c17920594703b19cf731e4"
  integrity sha512-3T9iUjWSYtN/5S5jzJuasD2yQfVfFAQ9yTwIE25+P9peWqz4oarn6ZQvRj/FLcBqaMLtSqLhU1hN2cyVBS6hyg==

"@solana-program/system@^0.7.0":
  version "0.7.0"
  resolved "https://registry.yarnpkg.com/@solana-program/system/-/system-0.7.0.tgz#3e21c9fb31d3795eb65ba5cb663947c19b305bad"
  integrity sha512-FKTBsKHpvHHNc1ATRm7SlC5nF/VdJtOSjldhcyfMN9R7xo712Mo2jHIzvBgn8zQO5Kg0DcWuKB7268Kv1ocicw==

"@solana-program/token-2022@^0.4.2":
  version "0.4.2"
  resolved "https://registry.yarnpkg.com/@solana-program/token-2022/-/token-2022-0.4.2.tgz#f90a638de82acb7933a114e884a24ac4be8ef635"
  integrity sha512-zIpR5t4s9qEU3hZKupzIBxJ6nUV5/UVyIT400tu9vT1HMs5JHxaTTsb5GUhYjiiTvNwU0MQavbwc4Dl29L0Xvw==

"@solana-program/token@^0.5.1":
  version "0.5.1"
  resolved "https://registry.yarnpkg.com/@solana-program/token/-/token-0.5.1.tgz#10e327df23f05a7f892fd33a9b6418f17dd62296"
  integrity sha512-bJvynW5q9SFuVOZ5vqGVkmaPGA0MCC+m9jgJj1nk5m20I389/ms69ASnhWGoOPNcie7S9OwBX0gTj2fiyWpfag==

"@solana/accounts@2.1.0":
  version "2.1.0"
  resolved "https://registry.yarnpkg.com/@solana/accounts/-/accounts-2.1.0.tgz#23fa5ba20dd7af9bfb84abc638096378b62c7276"
  integrity sha512-1JOBiLFeIeHmGx7k1b23UWF9vM1HAh9GBMCzr5rBPrGSBs+QUgxBJ3+yrRg+UPEOSELubqo7qoOVFUKYsb1nXw==
  dependencies:
    "@solana/addresses" "2.1.0"
    "@solana/codecs-core" "2.1.0"
    "@solana/codecs-strings" "2.1.0"
    "@solana/errors" "2.1.0"
    "@solana/rpc-spec" "2.1.0"
    "@solana/rpc-types" "2.1.0"

"@solana/accounts@2.3.0":
  version "2.3.0"
  resolved "https://registry.yarnpkg.com/@solana/accounts/-/accounts-2.3.0.tgz#957360edd572c1294772ee0eae3abd598189b16e"
  integrity sha512-QgQTj404Z6PXNOyzaOpSzjgMOuGwG8vC66jSDB+3zHaRcEPRVRd2sVSrd1U6sHtnV3aiaS6YyDuPQMheg4K2jw==
  dependencies:
    "@solana/addresses" "2.3.0"
    "@solana/codecs-core" "2.3.0"
    "@solana/codecs-strings" "2.3.0"
    "@solana/errors" "2.3.0"
    "@solana/rpc-spec" "2.3.0"
    "@solana/rpc-types" "2.3.0"

"@solana/addresses@2.1.0":
  version "2.1.0"
  resolved "https://registry.yarnpkg.com/@solana/addresses/-/addresses-2.1.0.tgz#28b07b46c41c101a1c1d894b905f27b847c095a8"
  integrity sha512-IgiRuju2yLz14GnrysOPSNZbZQ8F+7jhx7FYZLrbKogf6NX4wy4ijLHxRsLFqP8o8aY69BZULkM9MwrSjsZi7A==
  dependencies:
    "@solana/assertions" "2.1.0"
    "@solana/codecs-core" "2.1.0"
    "@solana/codecs-strings" "2.1.0"
    "@solana/errors" "2.1.0"

"@solana/addresses@2.3.0":
  version "2.3.0"
  resolved "https://registry.yarnpkg.com/@solana/addresses/-/addresses-2.3.0.tgz#d89cba142819f01905a4bf30a1b990a1b55e490d"
  integrity sha512-ypTNkY2ZaRFpHLnHAgaW8a83N0/WoqdFvCqf4CQmnMdFsZSdC7qOwcbd7YzdaQn9dy+P2hybewzB+KP7LutxGA==
  dependencies:
    "@solana/assertions" "2.3.0"
    "@solana/codecs-core" "2.3.0"
    "@solana/codecs-strings" "2.3.0"
    "@solana/errors" "2.3.0"
    "@solana/nominal-types" "2.3.0"

"@solana/assertions@2.1.0":
  version "2.1.0"
  resolved "https://registry.yarnpkg.com/@solana/assertions/-/assertions-2.1.0.tgz#ba32442e5a70ca8ddaec2d857dde1a57c5569689"
  integrity sha512-KCYmxFRsg897Ec7yGdpc0rniOlqGD3NpicmIjWIV87uiXX5uFco4t+01sKyFlhsv4T4OgHxngMsxkfQ3AUkFVg==
  dependencies:
    "@solana/errors" "2.1.0"

"@solana/assertions@2.3.0":
  version "2.3.0"
  resolved "https://registry.yarnpkg.com/@solana/assertions/-/assertions-2.3.0.tgz#f96f655088dea6fe9f79604da7615c745c64173b"
  integrity sha512-Ekoet3khNg3XFLN7MIz8W31wPQISpKUGDGTylLptI+JjCDWx3PIa88xjEMqFo02WJ8sBj2NLV64Xg1sBcsHjZQ==
  dependencies:
    "@solana/errors" "2.3.0"

"@solana/codecs-core@2.1.0":
  version "2.1.0"
  resolved "https://registry.yarnpkg.com/@solana/codecs-core/-/codecs-core-2.1.0.tgz#79ac28fbcde4a09d88f4360777ceeb30ec14e3f1"
  integrity sha512-SR7pKtmJBg2mhmkel2NeHA1pz06QeQXdMv8WJoIR9m8F/hw80K/612uaYbwTt2nkK0jg/Qn/rNSd7EcJ4SBGjw==
  dependencies:
    "@solana/errors" "2.1.0"

"@solana/codecs-core@2.3.0":
  version "2.3.0"
  resolved "https://registry.yarnpkg.com/@solana/codecs-core/-/codecs-core-2.3.0.tgz#6bf2bb565cb1ae880f8018635c92f751465d8695"
  integrity sha512-oG+VZzN6YhBHIoSKgS5ESM9VIGzhWjEHEGNPSibiDTxFhsFWxNaz8LbMDPjBUE69r9wmdGLkrQ+wVPbnJcZPvw==
  dependencies:
    "@solana/errors" "2.3.0"

"@solana/codecs-data-structures@2.1.0":
  version "2.1.0"
  resolved "https://registry.yarnpkg.com/@solana/codecs-data-structures/-/codecs-data-structures-2.1.0.tgz#32d8be437b055c2f395dd2b8f43d9b92a39daa91"
  integrity sha512-oDF5ek54kirqJ09q8k/qEpobBiWOhd3CkkGOTyfjsmTF/IGIigNbdYIakxV3+vudBeaNBw08y0XdBYI4JL/nqA==
  dependencies:
    "@solana/codecs-core" "2.1.0"
    "@solana/codecs-numbers" "2.1.0"
    "@solana/errors" "2.1.0"

"@solana/codecs-data-structures@2.3.0":
  version "2.3.0"
  resolved "https://registry.yarnpkg.com/@solana/codecs-data-structures/-/codecs-data-structures-2.3.0.tgz#ae4ea2b3177d79a95fdcde20c04fde93b9fd190d"
  integrity sha512-qvU5LE5DqEdYMYgELRHv+HMOx73sSoV1ZZkwIrclwUmwTbTaH8QAJURBj0RhQ/zCne7VuLLOZFFGv6jGigWhSw==
  dependencies:
    "@solana/codecs-core" "2.3.0"
    "@solana/codecs-numbers" "2.3.0"
    "@solana/errors" "2.3.0"

"@solana/codecs-numbers@2.1.0":
  version "2.1.0"
  resolved "https://registry.yarnpkg.com/@solana/codecs-numbers/-/codecs-numbers-2.1.0.tgz#f6a1a9009ace56238d8d9478dd5d375b09c6342a"
  integrity sha512-XMu4yw5iCgQnMKsxSWPPOrGgtaohmupN3eyAtYv3K3C/MJEc5V90h74k5B1GUCiHvcrdUDO9RclNjD9lgbjFag==
  dependencies:
    "@solana/codecs-core" "2.1.0"
    "@solana/errors" "2.1.0"

"@solana/codecs-numbers@2.3.0":
  version "2.3.0"
  resolved "https://registry.yarnpkg.com/@solana/codecs-numbers/-/codecs-numbers-2.3.0.tgz#ac7e7f38aaf7fcd22ce2061fbdcd625e73828dc6"
  integrity sha512-jFvvwKJKffvG7Iz9dmN51OGB7JBcy2CJ6Xf3NqD/VP90xak66m/Lg48T01u5IQ/hc15mChVHiBm+HHuOFDUrQg==
  dependencies:
    "@solana/codecs-core" "2.3.0"
    "@solana/errors" "2.3.0"

"@solana/codecs-strings@2.1.0":
  version "2.1.0"
  resolved "https://registry.yarnpkg.com/@solana/codecs-strings/-/codecs-strings-2.1.0.tgz#13a92930b21e4d8e7a064f623c817f2082574f1a"
  integrity sha512-O/eJFLzFrHomcCR1Y5QbIqoPo7iaJaWNnIeskB4mVhVjLyjlJS4WtBP2NBRzM9uJXaXyOxxKroqqO9zFsHOpvQ==
  dependencies:
    "@solana/codecs-core" "2.1.0"
    "@solana/codecs-numbers" "2.1.0"
    "@solana/errors" "2.1.0"

"@solana/codecs-strings@2.3.0":
  version "2.3.0"
  resolved "https://registry.yarnpkg.com/@solana/codecs-strings/-/codecs-strings-2.3.0.tgz#1b3a855dcd260283a732060aa6220f78b41251ae"
  integrity sha512-y5pSBYwzVziXu521hh+VxqUtp0hYGTl1eWGoc1W+8mdvBdC1kTqm/X7aYQw33J42hw03JjryvYOvmGgk3Qz/Ug==
  dependencies:
    "@solana/codecs-core" "2.3.0"
    "@solana/codecs-numbers" "2.3.0"
    "@solana/errors" "2.3.0"

"@solana/codecs@2.1.0":
  version "2.1.0"
  resolved "https://registry.yarnpkg.com/@solana/codecs/-/codecs-2.1.0.tgz#0516f2c840c5173fdadc9783511e25f1c3ea0e65"
  integrity sha512-C0TnfrpbTg7zoIFYfM65ofeL2AWEz80OsD6mjVdcTKpb1Uj7XuBuNLss3dMnatPQaL7RagD9VLA5/WfYayyteQ==
  dependencies:
    "@solana/codecs-core" "2.1.0"
    "@solana/codecs-data-structures" "2.1.0"
    "@solana/codecs-numbers" "2.1.0"
    "@solana/codecs-strings" "2.1.0"
    "@solana/options" "2.1.0"

"@solana/codecs@2.3.0":
  version "2.3.0"
  resolved "https://registry.yarnpkg.com/@solana/codecs/-/codecs-2.3.0.tgz#75ea5811e2792d7344409b83ffbfd1d096292e36"
  integrity sha512-JVqGPkzoeyU262hJGdH64kNLH0M+Oew2CIPOa/9tR3++q2pEd4jU2Rxdfye9sd0Ce3XJrR5AIa8ZfbyQXzjh+g==
  dependencies:
    "@solana/codecs-core" "2.3.0"
    "@solana/codecs-data-structures" "2.3.0"
    "@solana/codecs-numbers" "2.3.0"
    "@solana/codecs-strings" "2.3.0"
    "@solana/options" "2.3.0"

"@solana/errors@2.1.0":
  version "2.1.0"
  resolved "https://registry.yarnpkg.com/@solana/errors/-/errors-2.1.0.tgz#1a139965fcb8bec610cc1c6194d53d169f4b5852"
  integrity sha512-l+GxAv0Ar4d3c3PlZdA9G++wFYZREEbbRyAFP8+n8HSg0vudCuzogh/13io6hYuUhG/9Ve8ARZNamhV7UScKNw==
  dependencies:
    chalk "^5.3.0"
    commander "^13.1.0"

"@solana/errors@2.3.0":
  version "2.3.0"
  resolved "https://registry.yarnpkg.com/@solana/errors/-/errors-2.3.0.tgz#4ac9380343dbeffb9dffbcb77c28d0e457c5fa31"
  integrity sha512-66RI9MAbwYV0UtP7kGcTBVLxJgUxoZGm8Fbc0ah+lGiAw17Gugco6+9GrJCV83VyF2mDWyYnYM9qdI3yjgpnaQ==
  dependencies:
    chalk "^5.4.1"
    commander "^14.0.0"

"@solana/fast-stable-stringify@2.1.0":
  version "2.1.0"
  resolved "https://registry.yarnpkg.com/@solana/fast-stable-stringify/-/fast-stable-stringify-2.1.0.tgz#df24390539968c2e7157c0757961b097fc7ee1fa"
  integrity sha512-a8vR92qbe/VsvQ1BpN3PIEwnoHD2fTHEwCJh9GG58z3R15RIjk73gc0khjcdg4U1tZwTJqWkvk8SbDIgGdOgMA==

"@solana/functional@2.1.0":
  version "2.1.0"
  resolved "https://registry.yarnpkg.com/@solana/functional/-/functional-2.1.0.tgz#01c80d870479a8a6d14dd511fd0ae0262fc2e09d"
  integrity sha512-RVij8Av4F2uUOFcEC8n9lgD72e9gQMritmGHhMh+G91Xops4I6Few+oQ++XgSTiL2t3g3Cs0QZ13onZ0FL45FQ==

"@solana/instructions@2.1.0":
  version "2.1.0"
  resolved "https://registry.yarnpkg.com/@solana/instructions/-/instructions-2.1.0.tgz#67ac468ff9293cf881392c8180950c4023b8dff0"
  integrity sha512-wfn6e7Rgm0Sw/Th1v/pXsKTvloZvAAQI7j1yc9WcIk9ngqH5p6LhqMMkrwYPB2oTk8+MMr7SZ4E+2eK2gL6ODA==
  dependencies:
    "@solana/codecs-core" "2.1.0"
    "@solana/errors" "2.1.0"

"@solana/keys@2.1.0":
  version "2.1.0"
  resolved "https://registry.yarnpkg.com/@solana/keys/-/keys-2.1.0.tgz#c0f8940bfa4e2fa052aa1b955cbdb1e742e31fe8"
  integrity sha512-esY1+dlZjB18hZML5p+YPec29wi3HH0SzKx7RiqF//dI2cJ6vHfq3F+7ArbNnF6R2YCLFtl7DzS/tkqR2Xkxeg==
  dependencies:
    "@solana/assertions" "2.1.0"
    "@solana/codecs-core" "2.1.0"
    "@solana/codecs-strings" "2.1.0"
    "@solana/errors" "2.1.0"

"@solana/kit@2.1.0":
  version "2.1.0"
  resolved "https://registry.yarnpkg.com/@solana/kit/-/kit-2.1.0.tgz#57ed0fd74c4330e3b0e25e961ed1264e7f8a0c24"
  integrity sha512-vqaHROLKp89xdIbaKVG6BQ44uMN9E6/rSTeltkvquD2qdTObssafGDbAKVFjwZhlNO+sdzHDCLekGabn5VAL6A==
  dependencies:
    "@solana/accounts" "2.1.0"
    "@solana/addresses" "2.1.0"
    "@solana/codecs" "2.1.0"
    "@solana/errors" "2.1.0"
    "@solana/functional" "2.1.0"
    "@solana/instructions" "2.1.0"
    "@solana/keys" "2.1.0"
    "@solana/programs" "2.1.0"
    "@solana/rpc" "2.1.0"
    "@solana/rpc-parsed-types" "2.1.0"
    "@solana/rpc-spec-types" "2.1.0"
    "@solana/rpc-subscriptions" "2.1.0"
    "@solana/rpc-types" "2.1.0"
    "@solana/signers" "2.1.0"
    "@solana/sysvars" "2.1.0"
    "@solana/transaction-confirmation" "2.1.0"
    "@solana/transaction-messages" "2.1.0"
    "@solana/transactions" "2.1.0"

"@solana/nominal-types@2.3.0":
  version "2.3.0"
  resolved "https://registry.yarnpkg.com/@solana/nominal-types/-/nominal-types-2.3.0.tgz#b67637241b4a45c756464e049c7a830880b6e944"
  integrity sha512-uKlMnlP4PWW5UTXlhKM8lcgIaNj8dvd8xO4Y9l+FVvh9RvW2TO0GwUO6JCo7JBzCB0PSqRJdWWaQ8pu1Ti/OkA==

"@solana/options@2.1.0":
  version "2.1.0"
  resolved "https://registry.yarnpkg.com/@solana/options/-/options-2.1.0.tgz#7ff65ea30f7f9ee481306e63b22545fea1c27552"
  integrity sha512-T/vJCr8qnwK6HxriOPXCrx31IpA9ZYecxuOzQ3G74kIayED4spmpXp6PLtRYR/fo2LZ6UcgHN0qSgONnvwEweg==
  dependencies:
    "@solana/codecs-core" "2.1.0"
    "@solana/codecs-data-structures" "2.1.0"
    "@solana/codecs-numbers" "2.1.0"
    "@solana/codecs-strings" "2.1.0"
    "@solana/errors" "2.1.0"

"@solana/options@2.3.0":
  version "2.3.0"
  resolved "https://registry.yarnpkg.com/@solana/options/-/options-2.3.0.tgz#f8a967b9ebae703b2c8adb8f4294df303ab866e8"
  integrity sha512-PPnnZBRCWWoZQ11exPxf//DRzN2C6AoFsDI/u2AsQfYih434/7Kp4XLpfOMT/XESi+gdBMFNNfbES5zg3wAIkw==
  dependencies:
    "@solana/codecs-core" "2.3.0"
    "@solana/codecs-data-structures" "2.3.0"
    "@solana/codecs-numbers" "2.3.0"
    "@solana/codecs-strings" "2.3.0"
    "@solana/errors" "2.3.0"

"@solana/programs@2.1.0":
  version "2.1.0"
  resolved "https://registry.yarnpkg.com/@solana/programs/-/programs-2.1.0.tgz#3ae57734a0ab6985cc016d90d1b8bde55edeee46"
  integrity sha512-9Y30/yUbTR99+QRN2ukNXQQTGY68oKmVrXnh/et6StM1JF5WHvAJqBigsHG5bt6KxTISoRuncBnH/IRnDqPxKg==
  dependencies:
    "@solana/addresses" "2.1.0"
    "@solana/errors" "2.1.0"

"@solana/promises@2.1.0":
  version "2.1.0"
  resolved "https://registry.yarnpkg.com/@solana/promises/-/promises-2.1.0.tgz#d740e440d85533cdf796f694e90fcb557dabdde9"
  integrity sha512-eQJaQXA2kD4dVyifzhslV3wOvq27fwOJ4az89BQ4Cz83zPbR94xOeDShwcXrKBYqaUf6XqH5MzdEo14t4tKAFQ==

"@solana/rpc-api@2.1.0":
  version "2.1.0"
  resolved "https://registry.yarnpkg.com/@solana/rpc-api/-/rpc-api-2.1.0.tgz#d4efc40d6e0dc42cf99c8e21344b71378a8bbb87"
  integrity sha512-4yCnHYHFlz9VffivoY5q/HVeBjT59byB2gmg7UyC3ktxD28AlF9jjsE5tJKiapAKr2J3KWm0D/rH/QwW14cGeA==
  dependencies:
    "@solana/addresses" "2.1.0"
    "@solana/codecs-core" "2.1.0"
    "@solana/codecs-strings" "2.1.0"
    "@solana/errors" "2.1.0"
    "@solana/keys" "2.1.0"
    "@solana/rpc-parsed-types" "2.1.0"
    "@solana/rpc-spec" "2.1.0"
    "@solana/rpc-transformers" "2.1.0"
    "@solana/rpc-types" "2.1.0"
    "@solana/transaction-messages" "2.1.0"
    "@solana/transactions" "2.1.0"

"@solana/rpc-parsed-types@2.1.0":
  version "2.1.0"
  resolved "https://registry.yarnpkg.com/@solana/rpc-parsed-types/-/rpc-parsed-types-2.1.0.tgz#7e197942a1c2c96286d4e4df9db41796d4033d1a"
  integrity sha512-mRzHemxlWDS9p1fPQNKwL+1vEOUMG8peSUJb0X/NbM12yjowDNdzM++fkOgIyCKDPddfkcoNmNrQmr2jwjdN1Q==

"@solana/rpc-spec-types@2.1.0":
  version "2.1.0"
  resolved "https://registry.yarnpkg.com/@solana/rpc-spec-types/-/rpc-spec-types-2.1.0.tgz#3285766dffeffb6612bb837b5f9bac9d1386d595"
  integrity sha512-NxcZ8piXMyCdbNUL6d36QJfL2UAQEN33StlGku0ltTVe1nrokZ5WRNjSPohU1fODlNaZzTvUFzvUkM1yGCkyzw==

"@solana/rpc-spec-types@2.3.0":
  version "2.3.0"
  resolved "https://registry.yarnpkg.com/@solana/rpc-spec-types/-/rpc-spec-types-2.3.0.tgz#010ea9de2f720e84bec2b93ca77ad3664b77235f"
  integrity sha512-xQsb65lahjr8Wc9dMtP7xa0ZmDS8dOE2ncYjlvfyw/h4mpdXTUdrSMi6RtFwX33/rGuztQ7Hwaid5xLNSLvsFQ==

"@solana/rpc-spec@2.1.0":
  version "2.1.0"
  resolved "https://registry.yarnpkg.com/@solana/rpc-spec/-/rpc-spec-2.1.0.tgz#ae28b04930a80c1f79c0fb6bb18ff9ba90f7ec1e"
  integrity sha512-NPAIM5EY7Jke0mHnmoMpgCEb/nZKIo+bgVFK/u+z74gY0JnCNt0DfocStUUQtlhqSmTyoHamt3lfxp4GT2zXbA==
  dependencies:
    "@solana/errors" "2.1.0"
    "@solana/rpc-spec-types" "2.1.0"

"@solana/rpc-spec@2.3.0":
  version "2.3.0"
  resolved "https://registry.yarnpkg.com/@solana/rpc-spec/-/rpc-spec-2.3.0.tgz#2b679eb750c0f9270da6d451ea1bdc2c7783eb42"
  integrity sha512-fA2LMX4BMixCrNB2n6T83AvjZ3oUQTu7qyPLyt8gHQaoEAXs8k6GZmu6iYcr+FboQCjUmRPgMaABbcr9j2J9Sw==
  dependencies:
    "@solana/errors" "2.3.0"
    "@solana/rpc-spec-types" "2.3.0"

"@solana/rpc-subscriptions-api@2.1.0":
  version "2.1.0"
  resolved "https://registry.yarnpkg.com/@solana/rpc-subscriptions-api/-/rpc-subscriptions-api-2.1.0.tgz#7b588452aec5e9c661889737ea9f2d2d03a28a81"
  integrity sha512-de1dBRSE2CUwoZHMXQ/0v7iC+/pG0+iYY8jLHGGNxtKrYbTnV08mXQbaAMrmv2Rk8ZFmfJWbqbYZ9dRWdO3P5g==
  dependencies:
    "@solana/addresses" "2.1.0"
    "@solana/keys" "2.1.0"
    "@solana/rpc-subscriptions-spec" "2.1.0"
    "@solana/rpc-transformers" "2.1.0"
    "@solana/rpc-types" "2.1.0"
    "@solana/transaction-messages" "2.1.0"
    "@solana/transactions" "2.1.0"

"@solana/rpc-subscriptions-channel-websocket@2.1.0":
  version "2.1.0"
  resolved "https://registry.yarnpkg.com/@solana/rpc-subscriptions-channel-websocket/-/rpc-subscriptions-channel-websocket-2.1.0.tgz#17ca9df1a57e5f6cf7c6de5b777e561b3896e69f"
  integrity sha512-goJe9dv0cs967HJ382vSX8yapXgQzRHCmH323LsXrrpj/s3Eb3yUwJq7AcHgoh4gKIqyAfGybq/bE5Aa8Pcm9g==
  dependencies:
    "@solana/errors" "2.1.0"
    "@solana/functional" "2.1.0"
    "@solana/rpc-subscriptions-spec" "2.1.0"
    "@solana/subscribable" "2.1.0"

"@solana/rpc-subscriptions-spec@2.1.0":
  version "2.1.0"
  resolved "https://registry.yarnpkg.com/@solana/rpc-subscriptions-spec/-/rpc-subscriptions-spec-2.1.0.tgz#5675d65b60c9c96a633a01951edb3eac347d71b1"
  integrity sha512-Uqasfd3Tlr22lC/Vy5dToF0e68dMKPdnt4ks7FwXuPdEbNRM/TDGb0GqG+bt/d3IIrNOCA5Y8vsE0nQHGrWG/w==
  dependencies:
    "@solana/errors" "2.1.0"
    "@solana/promises" "2.1.0"
    "@solana/rpc-spec-types" "2.1.0"
    "@solana/subscribable" "2.1.0"

"@solana/rpc-subscriptions@2.1.0":
  version "2.1.0"
  resolved "https://registry.yarnpkg.com/@solana/rpc-subscriptions/-/rpc-subscriptions-2.1.0.tgz#5b86072009682ea31d1f19b21426c7f04ed92411"
  integrity sha512-dTyI03VlueE3s7mA/OBlA5l6yKUUKHMJd31tpzxV3AFnqE/QPS5NVrF/WY6pPBobLJiCP0UFOe7eR/MKP9SUCA==
  dependencies:
    "@solana/errors" "2.1.0"
    "@solana/fast-stable-stringify" "2.1.0"
    "@solana/functional" "2.1.0"
    "@solana/promises" "2.1.0"
    "@solana/rpc-spec-types" "2.1.0"
    "@solana/rpc-subscriptions-api" "2.1.0"
    "@solana/rpc-subscriptions-channel-websocket" "2.1.0"
    "@solana/rpc-subscriptions-spec" "2.1.0"
    "@solana/rpc-transformers" "2.1.0"
    "@solana/rpc-types" "2.1.0"
    "@solana/subscribable" "2.1.0"

"@solana/rpc-transformers@2.1.0":
  version "2.1.0"
  resolved "https://registry.yarnpkg.com/@solana/rpc-transformers/-/rpc-transformers-2.1.0.tgz#216be58f9369794f74a77a17ea51e6f531d4ef83"
  integrity sha512-E2xPlaCu6tNO00v4HIJxJCYkoNwgVJYad5sxbIUZOQBWwXnWIcll2jUT4bWKpBGq5vFDYfkzRBr8Rco3DhfXqg==
  dependencies:
    "@solana/errors" "2.1.0"
    "@solana/functional" "2.1.0"
    "@solana/rpc-spec-types" "2.1.0"
    "@solana/rpc-types" "2.1.0"

"@solana/rpc-transport-http@2.1.0":
  version "2.1.0"
  resolved "https://registry.yarnpkg.com/@solana/rpc-transport-http/-/rpc-transport-http-2.1.0.tgz#397e0a0747d01153524e030cb6cb41a2f2cc2c04"
  integrity sha512-E3UovTBid4/S8QDd9FkADVKfyG+v7CW5IqI4c27ZDKfazCsnDLLkqh98C6BvNCqi278HKBui4lI2GoFpCq89Pw==
  dependencies:
    "@solana/errors" "2.1.0"
    "@solana/rpc-spec" "2.1.0"
    "@solana/rpc-spec-types" "2.1.0"
    undici-types "^7.3.0"

"@solana/rpc-types@2.1.0":
  version "2.1.0"
  resolved "https://registry.yarnpkg.com/@solana/rpc-types/-/rpc-types-2.1.0.tgz#3b4b515a1da36ffff7386f8ba831fddcebf3dde3"
  integrity sha512-1ODnhmpR1X/GjB7hs4gVR3mcCagfPQV0dzq/2DNuCiMjx2snn64KP5WoAHfBEyoC9/Rb36+JpNj/hLAOikipKA==
  dependencies:
    "@solana/addresses" "2.1.0"
    "@solana/codecs-core" "2.1.0"
    "@solana/codecs-numbers" "2.1.0"
    "@solana/codecs-strings" "2.1.0"
    "@solana/errors" "2.1.0"

"@solana/rpc-types@2.3.0":
  version "2.3.0"
  resolved "https://registry.yarnpkg.com/@solana/rpc-types/-/rpc-types-2.3.0.tgz#38adf5cb1c79c08086bd672edf7a56d19581d19f"
  integrity sha512-O09YX2hED2QUyGxrMOxQ9GzH1LlEwwZWu69QbL4oYmIf6P5dzEEHcqRY6L1LsDVqc/dzAdEs/E1FaPrcIaIIPw==
  dependencies:
    "@solana/addresses" "2.3.0"
    "@solana/codecs-core" "2.3.0"
    "@solana/codecs-numbers" "2.3.0"
    "@solana/codecs-strings" "2.3.0"
    "@solana/errors" "2.3.0"
    "@solana/nominal-types" "2.3.0"

"@solana/rpc@2.1.0":
  version "2.1.0"
  resolved "https://registry.yarnpkg.com/@solana/rpc/-/rpc-2.1.0.tgz#9320f562537da880e76843cc5c7d815fa030e7c3"
  integrity sha512-myg9qAo6b2WKyHSMXURQykb+ZRnNEXBPLEcwRwkos8STzPPyRFg6ady2s0FCQQTtL/pVjanIU2bObZIzbMGugA==
  dependencies:
    "@solana/errors" "2.1.0"
    "@solana/fast-stable-stringify" "2.1.0"
    "@solana/functional" "2.1.0"
    "@solana/rpc-api" "2.1.0"
    "@solana/rpc-spec" "2.1.0"
    "@solana/rpc-spec-types" "2.1.0"
    "@solana/rpc-transformers" "2.1.0"
    "@solana/rpc-transport-http" "2.1.0"
    "@solana/rpc-types" "2.1.0"

"@solana/signers@2.1.0":
  version "2.1.0"
  resolved "https://registry.yarnpkg.com/@solana/signers/-/signers-2.1.0.tgz#3bdf5ec358c5243cdf49702e5d6dc260e531da34"
  integrity sha512-Yq0JdJnCecRsSBshNWy+OIRmAGeVfjwIh9Z+H1jv8u8p+dJCOreKakTWuxMt5tnj3q5K1mPcak9O2PqVPZ0teA==
  dependencies:
    "@solana/addresses" "2.1.0"
    "@solana/codecs-core" "2.1.0"
    "@solana/errors" "2.1.0"
    "@solana/instructions" "2.1.0"
    "@solana/keys" "2.1.0"
    "@solana/transaction-messages" "2.1.0"
    "@solana/transactions" "2.1.0"

"@solana/subscribable@2.1.0":
  version "2.1.0"
  resolved "https://registry.yarnpkg.com/@solana/subscribable/-/subscribable-2.1.0.tgz#690880897ff4953dc79230d7fb8ed7f3fa8fd527"
  integrity sha512-xi12Cm889+uT5sRKnIzr7nLnHAp3hiR3dqIzrT1P7z7iEGp8OnqUQIQCHlgozFHM2cPW+6685NQXk1l1ImuJIw==
  dependencies:
    "@solana/errors" "2.1.0"

"@solana/sysvars@2.1.0":
  version "2.1.0"
  resolved "https://registry.yarnpkg.com/@solana/sysvars/-/sysvars-2.1.0.tgz#4e2c6df16e84e3ce43d9d33b68583c9eded1ee00"
  integrity sha512-GXu9yS0zIebmM1Unqw/XFpYuvug03m42w98ioOPV/yiHzECggGRGpHGD9RLVYnkyz0eL4NRbnJ5dAEu/fvGe0A==
  dependencies:
    "@solana/accounts" "2.1.0"
    "@solana/codecs" "2.1.0"
    "@solana/errors" "2.1.0"
    "@solana/rpc-types" "2.1.0"

"@solana/sysvars@^2.1.0":
  version "2.3.0"
  resolved "https://registry.yarnpkg.com/@solana/sysvars/-/sysvars-2.3.0.tgz#eeea82f89716682014e801de5870344ddd02becd"
  integrity sha512-LvjADZrpZ+CnhlHqfI5cmsRzX9Rpyb1Ox2dMHnbsRNzeKAMhu9w4ZBIaeTdO322zsTr509G1B+k2ABD3whvUBA==
  dependencies:
    "@solana/accounts" "2.3.0"
    "@solana/codecs" "2.3.0"
    "@solana/errors" "2.3.0"
    "@solana/rpc-types" "2.3.0"

"@solana/transaction-confirmation@2.1.0":
  version "2.1.0"
  resolved "https://registry.yarnpkg.com/@solana/transaction-confirmation/-/transaction-confirmation-2.1.0.tgz#a0e8f911c84cc2503ae20307bdc479b1adfa23a9"
  integrity sha512-VxOvtvs2e9h5u73PHyE2TptLAMO5x6dOXlOgvq1Nk6l3rKM2HAsd+KDpN7gjOo8/EgItMMmyEilXygWWRgpSIA==
  dependencies:
    "@solana/addresses" "2.1.0"
    "@solana/codecs-strings" "2.1.0"
    "@solana/errors" "2.1.0"
    "@solana/keys" "2.1.0"
    "@solana/promises" "2.1.0"
    "@solana/rpc" "2.1.0"
    "@solana/rpc-subscriptions" "2.1.0"
    "@solana/rpc-types" "2.1.0"
    "@solana/transaction-messages" "2.1.0"
    "@solana/transactions" "2.1.0"

"@solana/transaction-messages@2.1.0":
  version "2.1.0"
  resolved "https://registry.yarnpkg.com/@solana/transaction-messages/-/transaction-messages-2.1.0.tgz#2a38e44cc036875409da99b2ecef4a1e8eedb010"
  integrity sha512-+GPzZHLYNFbqHKoiL8mYALp7eAXtAbI6zLViZpIM3zUbVNU3q5+FCKGv6jCBnxs+3QCbeapu+W1OyfDa6BUtTQ==
  dependencies:
    "@solana/addresses" "2.1.0"
    "@solana/codecs-core" "2.1.0"
    "@solana/codecs-data-structures" "2.1.0"
    "@solana/codecs-numbers" "2.1.0"
    "@solana/errors" "2.1.0"
    "@solana/functional" "2.1.0"
    "@solana/instructions" "2.1.0"
    "@solana/rpc-types" "2.1.0"

"@solana/transactions@2.1.0":
  version "2.1.0"
  resolved "https://registry.yarnpkg.com/@solana/transactions/-/transactions-2.1.0.tgz#d51d8ede0cc218cc03ba822929f567b4475a3508"
  integrity sha512-QeM4sCItReeIy5LU7LhGkz7RPfMPTg/Qo8h0LSfhiJiPTOHOhElmh42vkLJmwPl83+MsKtisyPQNK6penM2nAw==
  dependencies:
    "@solana/addresses" "2.1.0"
    "@solana/codecs-core" "2.1.0"
    "@solana/codecs-data-structures" "2.1.0"
    "@solana/codecs-numbers" "2.1.0"
    "@solana/codecs-strings" "2.1.0"
    "@solana/errors" "2.1.0"
    "@solana/functional" "2.1.0"
    "@solana/instructions" "2.1.0"
    "@solana/keys" "2.1.0"
    "@solana/rpc-types" "2.1.0"
    "@solana/transaction-messages" "2.1.0"

"@types/node@^24.2.0":
  version "24.2.1"
  resolved "https://registry.yarnpkg.com/@types/node/-/node-24.2.1.tgz#83e41543f0a518e006594bb394e2cd961de56727"
  integrity sha512-DRh5K+ka5eJic8CjH7td8QpYEV6Zo10gfRkjHCO3weqZHWDtAaSTFtl4+VMqOJ4N5jcuhZ9/l+yy8rVgw7BQeQ==
  dependencies:
    undici-types "~7.10.0"

chalk@^5.3.0, chalk@^5.4.1:
  version "5.5.0"
  resolved "https://registry.yarnpkg.com/chalk/-/chalk-5.5.0.tgz#67ada1df5ca809dc84c9b819d76418ddcf128428"
  integrity sha512-1tm8DTaJhPBG3bIkVeZt1iZM9GfSX2lzOeDVZH9R9ffRHpmHvxZ/QhgQH/aDTkswQVt+YHdXAdS/In/30OjCbg==

commander@^13.1.0:
  version "13.1.0"
  resolved "https://registry.yarnpkg.com/commander/-/commander-13.1.0.tgz#776167db68c78f38dcce1f9b8d7b8b9a488abf46"
  integrity sha512-/rFeCpNJQbhSZjGVwO9RFV3xPqbnERS8MmIQzCtD/zl6gpJuV/bMLuN92oG3F7d8oDEHHRrujSXNUr8fpjntKw==

commander@^14.0.0:
  version "14.0.0"
  resolved "https://registry.yarnpkg.com/commander/-/commander-14.0.0.tgz#f244fc74a92343514e56229f16ef5c5e22ced5e9"
  integrity sha512-2uM9rYjPvyq39NwLRqaiLtWHyDC1FvryJDa2ATTVims5YAS4PupsEQsDvP14FqhFr0P49CYDugi59xaxJlTXRA==

fastestsmallesttextencoderdecoder@^1.0.22:
  version "1.0.22"
  resolved "https://registry.yarnpkg.com/fastestsmallesttextencoderdecoder/-/fastestsmallesttextencoderdecoder-1.0.22.tgz#59b47e7b965f45258629cc6c127bf783281c5e93"
  integrity sha512-Pb8d48e+oIuY4MaM64Cd7OW1gt4nxCHs7/ddPPZ/Ic3sg8yVGM7O9wDvZ7us6ScaUupzM+pfBolwtYhN1IxBIw==

typescript@^5.9.2:
  version "5.9.2"
  resolved "https://registry.yarnpkg.com/typescript/-/typescript-5.9.2.tgz#d93450cddec5154a2d5cabe3b8102b83316fb2a6"
  integrity sha512-CWBzXQrc/qOkhidw1OzBTQuYRbfyxDXJMVJ1XNwUHGROVmuaeiEm3OslpZ1RV96d7SKKjZKrSJu3+t/xlw3R9A==

undici-types@^7.3.0:
  version "7.13.0"
  resolved "https://registry.yarnpkg.com/undici-types/-/undici-types-7.13.0.tgz#a20ba7c0a2be0c97bd55c308069d29d167466bff"
  integrity sha512-Ov2Rr9Sx+fRgagJ5AX0qvItZG/JKKoBRAVITs1zk7IqZGTJUwgUr7qoYBpWwakpWilTZFM98rG/AFRocu10iIQ==

undici-types@~7.10.0:
  version "7.10.0"
  resolved "https://registry.yarnpkg.com/undici-types/-/undici-types-7.10.0.tgz#4ac2e058ce56b462b056e629cc6a02393d3ff350"
  integrity sha512-t5Fy/nfn+14LuOc2KNYg75vZqClpAiqscVvMygNnlsHBFpSXdJaYtXMcdNLpl/Qvc3P2cB3s6lOV51nqsFq4ag==

ws@^8.18.3:
  version "8.18.3"
  resolved "https://registry.yarnpkg.com/ws/-/ws-8.18.3.tgz#b56b88abffde62791c639170400c93dcb0c95472"
  integrity sha512-PEIGCY5tSlUt50cqyMXfCzX+oOPqN0vuGqWzbcJ2xvnkzkq46oOpz7dQaTDBdfICb4N14+GARUDw2XV2N4tvzg==
